<?xml version="1.0" encoding="utf-8"?>
<Project ToolsVersion="4.0" xmlns="http://schemas.microsoft.com/developer/msbuild/2003">
  <ItemGroup>
    <Filter Include="소스 파일">
      <UniqueIdentifier>{4FC737F1-C7A5-4376-A066-2A32D752A2FF}</UniqueIdentifier>
      <Extensions>cpp;c;cc;cxx;c++;cppm;ixx;def;odl;idl;hpj;bat;asm;asmx</Extensions>
    </Filter>
    <Filter Include="헤더 파일">
      <UniqueIdentifier>{93995380-89BD-4b04-88EB-625FBE52EBFB}</UniqueIdentifier>
      <Extensions>h;hh;hpp;hxx;h++;hm;inl;inc;ipp;xsd</Extensions>
    </Filter>
    <Filter Include="리소스 파일">
      <UniqueIdentifier>{67DA6AB6-F800-4c08-8B7A-83BB121AAD01}</UniqueIdentifier>
      <Extensions>rc;ico;cur;bmp;dlg;rc2;rct;bin;rgs;gif;jpg;jpeg;jpe;resx;tiff;tif;png;wav;mfcribbon-ms</Extensions>
    </Filter>
    <Filter Include="소스 파일\Network">
      <UniqueIdentifier>{de6b60bf-bdd6-4ae8-aa28-5c791b7c9a1b}</UniqueIdentifier>
    </Filter>
    <Filter Include="소스 파일\Business">
      <UniqueIdentifier>{db45c49c-e9a5-488c-a13c-bb355fbd44ac}</UniqueIdentifier>
    </Filter>
    <Filter Include="헤더 파일\Network">
      <UniqueIdentifier>{cb8721b5-4c5a-493f-9327-8a578807db30}</UniqueIdentifier>
    </Filter>
    <Filter Include="헤더 파일\Business">
      <UniqueIdentifier>{b3c25387-b2ce-4763-bf93-f2d81cbf237c}</UniqueIdentifier>
    </Filter>
    <Filter Include="헤더 파일\Utility">
      <UniqueIdentifier>{f2d5d172-658c-4f2e-8ce8-1041c382c557}</UniqueIdentifier>
    </Filter>
  </ItemGroup>
  <ItemGroup>
    <ClCompile Include="main.cpp">
      <Filter>소스 파일</Filter>
    </ClCompile>
    <ClCompile Include="src\NetworkManager.cpp">
      <Filter>소스 파일\Network</Filter>
    </ClCompile>
    <ClCompile Include="src\Client.cpp">
      <Filter>소스 파일\Network</Filter>
    </ClCompile>
    <ClCompile Include="src\Session.cpp">
      <Filter>소스 파일\Network</Filter>
    </ClCompile>
    <ClCompile Include="src\RankingServer.cpp">
      <Filter>소스 파일\Business</Filter>
    </ClCompile>
    <ClCompile Include="src\DatabaseWorker.cpp">
      <Filter>소스 파일\Business</Filter>
    </ClCompile>
  </ItemGroup>
  <ItemGroup>
    <ClInclude Include="include\NetworkManager.h">
      <Filter>헤더 파일\Network</Filter>
    </ClInclude>
    <ClInclude Include="include\LockFreeCircleQueue.h">
      <Filter>헤더 파일\Utility</Filter>
    </ClInclude>
    <ClInclude Include="include\MyPacket.h">
      <Filter>헤더 파일\Network</Filter>
    </ClInclude>
    <ClInclude Include="include\Client.h">
      <Filter>헤더 파일\Network</Filter>
    </ClInclude>
    <ClInclude Include="include\Log.h">
      <Filter>헤더 파일\Utility</Filter>
    </ClInclude>
    <ClInclude Include="include\Session.h">
      <Filter>헤더 파일\Network</Filter>
    </ClInclude>
    <ClInclude Include="include\RankingServer.h">
      <Filter>헤더 파일\Business</Filter>
    </ClInclude>
    <ClInclude Include="include\DataStructure.h">
      <Filter>헤더 파일\Business</Filter>
    </ClInclude>
    <ClInclude Include="include\Converter.h">
      <Filter>헤더 파일\Utility</Filter>
    </ClInclude>
    <ClInclude Include="include\DatabaseWorker.h">
      <Filter>헤더 파일\Business</Filter>
    </ClInclude>
  </ItemGroup>
</Project>